
Microsoft Visual Studio Solution File, Format Version 12.00
# Visual Studio Version 16
VisualStudioVersion = 16.0.29519.181
MinimumVisualStudioVersion = 10.0.40219.1
Project("{FAE04EC0-301F-11D3-BF4B-00C04F79EFBC}") = "Lab1_2", "Lab1_2.csproj", "{EE3D3E64-F09E-4E5C-B35E-6D00F607BA1D}"
EndProject
Global
	GlobalSection(SolutionConfigurationPlatforms) = preSolution
		Debug|Any CPU = Debug|Any CPU
		Release|Any CPU = Release|Any CPU
	EndGlobalSection
	GlobalSection(ProjectConfigurationPlatforms) = postSolution
		{EE3D3E64-F09E-4E5C-B35E-6D00F607BA1D}.Debug|Any CPU.ActiveCfg = Debug|Any CPU
		{EE3D3E64-F09E-4E5C-B35E-6D00F607BA1D}.Debug|Any CPU.Build.0 = Debug|Any CPU
		{EE3D3E64-F09E-4E5C-B35E-6D00F607BA1D}.Release|Any CPU.ActiveCfg = Release|Any CPU
		{EE3D3E64-F09E-4E5C-B35E-6D00F607BA1D}.Release|Any CPU.Build.0 = Release|Any CPU
	EndGlobalSection
	GlobalSection(SolutionProperties) = preSolution
		HideSolutionNode = FALSE
	EndGlobalSection
	GlobalSection(ExtensibilityGlobals) = postSolution
		SolutionGuid = {CAAE6802-FD3C-487B-900A-1805332DDA2A}
	EndGlobalSection
EndGlobal
