
Microsoft Visual Studio Solution File, Format Version 12.00
# Visual Studio Version 16
VisualStudioVersion = 16.0.30011.22
MinimumVisualStudioVersion = 10.0.40219.1
Project("{FAE04EC0-301F-11D3-BF4B-00C04F79EFBC}") = "Curs10", "Curs10.csproj", "{2657088C-9EEB-4207-95D5-FE3EDE580592}"
EndProject
Project("{FAE04EC0-301F-11D3-BF4B-00C04F79EFBC}") = "Curs10Tests", "..\Curs10Tests\Curs10Tests.csproj", "{7CE4C18C-35DE-4DBF-A37D-33045931E0F9}"
EndProject
Global
	GlobalSection(SolutionConfigurationPlatforms) = preSolution
		Debug|Any CPU = Debug|Any CPU
		Release|Any CPU = Release|Any CPU
	EndGlobalSection
	GlobalSection(ProjectConfigurationPlatforms) = postSolution
		{2657088C-9EEB-4207-95D5-FE3EDE580592}.Debug|Any CPU.ActiveCfg = Debug|Any CPU
		{2657088C-9EEB-4207-95D5-FE3EDE580592}.Debug|Any CPU.Build.0 = Debug|Any CPU
		{2657088C-9EEB-4207-95D5-FE3EDE580592}.Release|Any CPU.ActiveCfg = Release|Any CPU
		{2657088C-9EEB-4207-95D5-FE3EDE580592}.Release|Any CPU.Build.0 = Release|Any CPU
		{7CE4C18C-35DE-4DBF-A37D-33045931E0F9}.Debug|Any CPU.ActiveCfg = Debug|Any CPU
		{7CE4C18C-35DE-4DBF-A37D-33045931E0F9}.Debug|Any CPU.Build.0 = Debug|Any CPU
		{7CE4C18C-35DE-4DBF-A37D-33045931E0F9}.Release|Any CPU.ActiveCfg = Release|Any CPU
		{7CE4C18C-35DE-4DBF-A37D-33045931E0F9}.Release|Any CPU.Build.0 = Release|Any CPU
	EndGlobalSection
	GlobalSection(SolutionProperties) = preSolution
		HideSolutionNode = FALSE
	EndGlobalSection
	GlobalSection(ExtensibilityGlobals) = postSolution
		SolutionGuid = {10F5CB10-1514-42B7-BDDD-0205CE14D991}
	EndGlobalSection
EndGlobal
