
Microsoft Visual Studio Solution File, Format Version 12.00
# Visual Studio Version 16
VisualStudioVersion = 16.0.29905.134
MinimumVisualStudioVersion = 10.0.40219.1
Project("{FAE04EC0-301F-11D3-BF4B-00C04F79EFBC}") = "Curs5", "Curs5.csproj", "{06EC0C40-9D5D-4604-B636-1BC5A95ECC15}"
EndProject
Global
	GlobalSection(SolutionConfigurationPlatforms) = preSolution
		Debug|Any CPU = Debug|Any CPU
		Release|Any CPU = Release|Any CPU
	EndGlobalSection
	GlobalSection(ProjectConfigurationPlatforms) = postSolution
		{06EC0C40-9D5D-4604-B636-1BC5A95ECC15}.Debug|Any CPU.ActiveCfg = Debug|Any CPU
		{06EC0C40-9D5D-4604-B636-1BC5A95ECC15}.Debug|Any CPU.Build.0 = Debug|Any CPU
		{06EC0C40-9D5D-4604-B636-1BC5A95ECC15}.Release|Any CPU.ActiveCfg = Release|Any CPU
		{06EC0C40-9D5D-4604-B636-1BC5A95ECC15}.Release|Any CPU.Build.0 = Release|Any CPU
	EndGlobalSection
	GlobalSection(SolutionProperties) = preSolution
		HideSolutionNode = FALSE
	EndGlobalSection
	GlobalSection(ExtensibilityGlobals) = postSolution
		SolutionGuid = {7371FD9F-3CD8-4592-B6B7-CC666B5474E9}
	EndGlobalSection
EndGlobal
