
Microsoft Visual Studio Solution File, Format Version 12.00
# Visual Studio Version 16
VisualStudioVersion = 16.0.30011.22
MinimumVisualStudioVersion = 10.0.40219.1
Project("{FAE04EC0-301F-11D3-BF4B-00C04F79EFBC}") = "Decorator", "Decorator.csproj", "{2C079DE3-2AD1-4762-9E06-7C0EAD7F1C72}"
EndProject
Project("{FAE04EC0-301F-11D3-BF4B-00C04F79EFBC}") = "DecoratorTests", "..\DecoratorTests\DecoratorTests.csproj", "{B7E51BE3-056E-4D1E-9EA9-D9F43D518588}"
EndProject
Global
	GlobalSection(SolutionConfigurationPlatforms) = preSolution
		Debug|Any CPU = Debug|Any CPU
		Release|Any CPU = Release|Any CPU
	EndGlobalSection
	GlobalSection(ProjectConfigurationPlatforms) = postSolution
		{2C079DE3-2AD1-4762-9E06-7C0EAD7F1C72}.Debug|Any CPU.ActiveCfg = Debug|Any CPU
		{2C079DE3-2AD1-4762-9E06-7C0EAD7F1C72}.Debug|Any CPU.Build.0 = Debug|Any CPU
		{2C079DE3-2AD1-4762-9E06-7C0EAD7F1C72}.Release|Any CPU.ActiveCfg = Release|Any CPU
		{2C079DE3-2AD1-4762-9E06-7C0EAD7F1C72}.Release|Any CPU.Build.0 = Release|Any CPU
		{B7E51BE3-056E-4D1E-9EA9-D9F43D518588}.Debug|Any CPU.ActiveCfg = Debug|Any CPU
		{B7E51BE3-056E-4D1E-9EA9-D9F43D518588}.Debug|Any CPU.Build.0 = Debug|Any CPU
		{B7E51BE3-056E-4D1E-9EA9-D9F43D518588}.Release|Any CPU.ActiveCfg = Release|Any CPU
		{B7E51BE3-056E-4D1E-9EA9-D9F43D518588}.Release|Any CPU.Build.0 = Release|Any CPU
	EndGlobalSection
	GlobalSection(SolutionProperties) = preSolution
		HideSolutionNode = FALSE
	EndGlobalSection
	GlobalSection(ExtensibilityGlobals) = postSolution
		SolutionGuid = {86578B7E-2072-4BA3-9645-AAE5B156AA7B}
	EndGlobalSection
EndGlobal
