
Microsoft Visual Studio Solution File, Format Version 12.00
# Visual Studio Version 16
VisualStudioVersion = 16.0.29905.134
MinimumVisualStudioVersion = 10.0.40219.1
Project("{FAE04EC0-301F-11D3-BF4B-00C04F79EFBC}") = "Lab4", "Lab4.csproj", "{DC02A949-BD18-45E9-8731-744B37F9EBE5}"
EndProject
Project("{FAE04EC0-301F-11D3-BF4B-00C04F79EFBC}") = "Lab4_2", "..\Lab4_2\Lab4_2.csproj", "{7F065F87-05AB-4277-9395-6040E20F0916}"
EndProject
Global
	GlobalSection(SolutionConfigurationPlatforms) = preSolution
		Debug|Any CPU = Debug|Any CPU
		Release|Any CPU = Release|Any CPU
	EndGlobalSection
	GlobalSection(ProjectConfigurationPlatforms) = postSolution
		{DC02A949-BD18-45E9-8731-744B37F9EBE5}.Debug|Any CPU.ActiveCfg = Debug|Any CPU
		{DC02A949-BD18-45E9-8731-744B37F9EBE5}.Debug|Any CPU.Build.0 = Debug|Any CPU
		{DC02A949-BD18-45E9-8731-744B37F9EBE5}.Release|Any CPU.ActiveCfg = Release|Any CPU
		{DC02A949-BD18-45E9-8731-744B37F9EBE5}.Release|Any CPU.Build.0 = Release|Any CPU
		{7F065F87-05AB-4277-9395-6040E20F0916}.Debug|Any CPU.ActiveCfg = Debug|Any CPU
		{7F065F87-05AB-4277-9395-6040E20F0916}.Debug|Any CPU.Build.0 = Debug|Any CPU
		{7F065F87-05AB-4277-9395-6040E20F0916}.Release|Any CPU.ActiveCfg = Release|Any CPU
		{7F065F87-05AB-4277-9395-6040E20F0916}.Release|Any CPU.Build.0 = Release|Any CPU
	EndGlobalSection
	GlobalSection(SolutionProperties) = preSolution
		HideSolutionNode = FALSE
	EndGlobalSection
	GlobalSection(ExtensibilityGlobals) = postSolution
		SolutionGuid = {B23E16DE-0CBE-459D-ADE0-7F0F43ACEF09}
	EndGlobalSection
EndGlobal
