
Microsoft Visual Studio Solution File, Format Version 12.00
# Visual Studio Version 16
VisualStudioVersion = 16.0.30011.22
MinimumVisualStudioVersion = 10.0.40219.1
Project("{FAE04EC0-301F-11D3-BF4B-00C04F79EFBC}") = "WpfApp1", "WpfApp1.csproj", "{53F5AFF2-825C-4821-895A-8BBE39DED419}"
EndProject
Global
	GlobalSection(SolutionConfigurationPlatforms) = preSolution
		Debug|Any CPU = Debug|Any CPU
		Release|Any CPU = Release|Any CPU
	EndGlobalSection
	GlobalSection(ProjectConfigurationPlatforms) = postSolution
		{53F5AFF2-825C-4821-895A-8BBE39DED419}.Debug|Any CPU.ActiveCfg = Debug|Any CPU
		{53F5AFF2-825C-4821-895A-8BBE39DED419}.Debug|Any CPU.Build.0 = Debug|Any CPU
		{53F5AFF2-825C-4821-895A-8BBE39DED419}.Release|Any CPU.ActiveCfg = Release|Any CPU
		{53F5AFF2-825C-4821-895A-8BBE39DED419}.Release|Any CPU.Build.0 = Release|Any CPU
	EndGlobalSection
	GlobalSection(SolutionProperties) = preSolution
		HideSolutionNode = FALSE
	EndGlobalSection
	GlobalSection(ExtensibilityGlobals) = postSolution
		SolutionGuid = {0086301C-60E0-4392-92C5-9B3FA6311F10}
	EndGlobalSection
EndGlobal
