
Microsoft Visual Studio Solution File, Format Version 12.00
# Visual Studio Version 16
VisualStudioVersion = 16.0.29519.181
MinimumVisualStudioVersion = 10.0.40219.1
Project("{FAE04EC0-301F-11D3-BF4B-00C04F79EFBC}") = "Lab3", "Lab3.csproj", "{3F87C768-4554-408A-9FDA-D79C16D97F68}"
EndProject
Global
	GlobalSection(SolutionConfigurationPlatforms) = preSolution
		Debug|Any CPU = Debug|Any CPU
		Release|Any CPU = Release|Any CPU
	EndGlobalSection
	GlobalSection(ProjectConfigurationPlatforms) = postSolution
		{3F87C768-4554-408A-9FDA-D79C16D97F68}.Debug|Any CPU.ActiveCfg = Debug|Any CPU
		{3F87C768-4554-408A-9FDA-D79C16D97F68}.Debug|Any CPU.Build.0 = Debug|Any CPU
		{3F87C768-4554-408A-9FDA-D79C16D97F68}.Release|Any CPU.ActiveCfg = Release|Any CPU
		{3F87C768-4554-408A-9FDA-D79C16D97F68}.Release|Any CPU.Build.0 = Release|Any CPU
	EndGlobalSection
	GlobalSection(SolutionProperties) = preSolution
		HideSolutionNode = FALSE
	EndGlobalSection
	GlobalSection(ExtensibilityGlobals) = postSolution
		SolutionGuid = {AEADBD57-9016-4F99-9F61-B5D15BAFAEA9}
	EndGlobalSection
EndGlobal
