
Microsoft Visual Studio Solution File, Format Version 12.00
# Visual Studio Version 16
VisualStudioVersion = 16.0.29920.165
MinimumVisualStudioVersion = 10.0.40219.1
Project("{FAE04EC0-301F-11D3-BF4B-00C04F79EFBC}") = "Lab6", "Lab6.csproj", "{523F396D-9A53-461C-9D81-16425BE74CFE}"
EndProject
Project("{FAE04EC0-301F-11D3-BF4B-00C04F79EFBC}") = "LocalizedStringCompare", "..\LocalizedStringCompare\LocalizedStringCompare.csproj", "{64F7881C-8D1D-4E23-9A79-69A9CA52CC64}"
EndProject
Global
	GlobalSection(SolutionConfigurationPlatforms) = preSolution
		Debug|Any CPU = Debug|Any CPU
		Release|Any CPU = Release|Any CPU
	EndGlobalSection
	GlobalSection(ProjectConfigurationPlatforms) = postSolution
		{523F396D-9A53-461C-9D81-16425BE74CFE}.Debug|Any CPU.ActiveCfg = Debug|Any CPU
		{523F396D-9A53-461C-9D81-16425BE74CFE}.Debug|Any CPU.Build.0 = Debug|Any CPU
		{523F396D-9A53-461C-9D81-16425BE74CFE}.Release|Any CPU.ActiveCfg = Release|Any CPU
		{523F396D-9A53-461C-9D81-16425BE74CFE}.Release|Any CPU.Build.0 = Release|Any CPU
		{64F7881C-8D1D-4E23-9A79-69A9CA52CC64}.Debug|Any CPU.ActiveCfg = Debug|Any CPU
		{64F7881C-8D1D-4E23-9A79-69A9CA52CC64}.Debug|Any CPU.Build.0 = Debug|Any CPU
		{64F7881C-8D1D-4E23-9A79-69A9CA52CC64}.Release|Any CPU.ActiveCfg = Release|Any CPU
		{64F7881C-8D1D-4E23-9A79-69A9CA52CC64}.Release|Any CPU.Build.0 = Release|Any CPU
	EndGlobalSection
	GlobalSection(SolutionProperties) = preSolution
		HideSolutionNode = FALSE
	EndGlobalSection
	GlobalSection(ExtensibilityGlobals) = postSolution
		SolutionGuid = {1EDDC2CC-977A-4DFA-A27D-3F2D15ABF5E4}
	EndGlobalSection
EndGlobal
