
Microsoft Visual Studio Solution File, Format Version 12.00
# Visual Studio Version 16
VisualStudioVersion = 16.0.29519.181
MinimumVisualStudioVersion = 10.0.40219.1
Project("{FAE04EC0-301F-11D3-BF4B-00C04F79EFBC}") = "Curs2", "Curs2.csproj", "{38A9AEBA-5AF4-4FDC-B276-898ADE77C3B2}"
EndProject
Global
	GlobalSection(SolutionConfigurationPlatforms) = preSolution
		Debug|Any CPU = Debug|Any CPU
		Release|Any CPU = Release|Any CPU
	EndGlobalSection
	GlobalSection(ProjectConfigurationPlatforms) = postSolution
		{38A9AEBA-5AF4-4FDC-B276-898ADE77C3B2}.Debug|Any CPU.ActiveCfg = Debug|Any CPU
		{38A9AEBA-5AF4-4FDC-B276-898ADE77C3B2}.Debug|Any CPU.Build.0 = Debug|Any CPU
		{38A9AEBA-5AF4-4FDC-B276-898ADE77C3B2}.Release|Any CPU.ActiveCfg = Release|Any CPU
		{38A9AEBA-5AF4-4FDC-B276-898ADE77C3B2}.Release|Any CPU.Build.0 = Release|Any CPU
	EndGlobalSection
	GlobalSection(SolutionProperties) = preSolution
		HideSolutionNode = FALSE
	EndGlobalSection
	GlobalSection(ExtensibilityGlobals) = postSolution
		SolutionGuid = {A6B1CAE7-A8A2-43C0-ACEA-E59E6D52AA80}
	EndGlobalSection
EndGlobal
