
Microsoft Visual Studio Solution File, Format Version 12.00
# Visual Studio Version 16
VisualStudioVersion = 16.0.29920.165
MinimumVisualStudioVersion = 10.0.40219.1
Project("{FAE04EC0-301F-11D3-BF4B-00C04F79EFBC}") = "Lab7", "Lab7.csproj", "{DBE117A7-AD17-4B89-9F6D-0CD9FC5003D0}"
EndProject
Global
	GlobalSection(SolutionConfigurationPlatforms) = preSolution
		Debug|Any CPU = Debug|Any CPU
		Release|Any CPU = Release|Any CPU
	EndGlobalSection
	GlobalSection(ProjectConfigurationPlatforms) = postSolution
		{DBE117A7-AD17-4B89-9F6D-0CD9FC5003D0}.Debug|Any CPU.ActiveCfg = Debug|Any CPU
		{DBE117A7-AD17-4B89-9F6D-0CD9FC5003D0}.Debug|Any CPU.Build.0 = Debug|Any CPU
		{DBE117A7-AD17-4B89-9F6D-0CD9FC5003D0}.Release|Any CPU.ActiveCfg = Release|Any CPU
		{DBE117A7-AD17-4B89-9F6D-0CD9FC5003D0}.Release|Any CPU.Build.0 = Release|Any CPU
	EndGlobalSection
	GlobalSection(SolutionProperties) = preSolution
		HideSolutionNode = FALSE
	EndGlobalSection
	GlobalSection(ExtensibilityGlobals) = postSolution
		SolutionGuid = {D8AC51A3-964F-423D-B199-4E48DC5B8B66}
	EndGlobalSection
EndGlobal
